// !$*UTF8*$!
{
	archiveVersion = 1;
	classes = {
	};
	objectVersion = 46;
	objects = {

/* Begin PBXBuildFile section */
		A24177161D64CE7A0069A2E7 /* MessageTableViewCell.swift in Sources */ = {isa = PBXBuildFile; fileRef = A24177151D64CE7A0069A2E7 /* MessageTableViewCell.swift */; };
		A2E70FF31D6238B9009270F7 /* AppDelegate.swift in Sources */ = {isa = PBXBuildFile; fileRef = A2E70FF21D6238B9009270F7 /* AppDelegate.swift */; };
		A2E70FF81D6238B9009270F7 /* Main.storyboard in Resources */ = {isa = PBXBuildFile; fileRef = A2E70FF61D6238B9009270F7 /* Main.storyboard */; };
		A2E70FFA1D6238B9009270F7 /* Assets.xcassets in Resources */ = {isa = PBXBuildFile; fileRef = A2E70FF91D6238B9009270F7 /* Assets.xcassets */; };
		A2E70FFD1D6238B9009270F7 /* LaunchScreen.storyboard in Resources */ = {isa = PBXBuildFile; fileRef = A2E70FFB1D6238B9009270F7 /* LaunchScreen.storyboard */; };
		A2E710081D6238B9009270F7 /* FlandersChatTests.swift in Sources */ = {isa = PBXBuildFile; fileRef = A2E710071D6238B9009270F7 /* FlandersChatTests.swift */; };
		A2E710131D6238B9009270F7 /* FlandersChatUITests.swift in Sources */ = {isa = PBXBuildFile; fileRef = A2E710121D6238B9009270F7 /* FlandersChatUITests.swift */; };
		A2E710211D623D87009270F7 /* ThreadDetailViewController.swift in Sources */ = {isa = PBXBuildFile; fileRef = A2E710201D623D87009270F7 /* ThreadDetailViewController.swift */; };
		A2E710231D623FE4009270F7 /* ThreadListTableViewController.swift in Sources */ = {isa = PBXBuildFile; fileRef = A2E710221D623FE4009270F7 /* ThreadListTableViewController.swift */; };
		A2E710261D6240DD009270F7 /* ContactsTableViewController.swift in Sources */ = {isa = PBXBuildFile; fileRef = A2E710251D6240DD009270F7 /* ContactsTableViewController.swift */; };
		A2E710281D624126009270F7 /* CloudKitManager.swift in Sources */ = {isa = PBXBuildFile; fileRef = A2E710271D624126009270F7 /* CloudKitManager.swift */; };
		A2E7102B1D625162009270F7 /* User.swift in Sources */ = {isa = PBXBuildFile; fileRef = A2E7102A1D625162009270F7 /* User.swift */; };
		A2E7102D1D62516C009270F7 /* UserController.swift in Sources */ = {isa = PBXBuildFile; fileRef = A2E7102C1D62516C009270F7 /* UserController.swift */; };
		A2E7102F1D625188009270F7 /* ThreadController.swift in Sources */ = {isa = PBXBuildFile; fileRef = A2E7102E1D625188009270F7 /* ThreadController.swift */; };
		A2E710311D625190009270F7 /* MessageController.swift in Sources */ = {isa = PBXBuildFile; fileRef = A2E710301D625190009270F7 /* MessageController.swift */; };
		A2E710341D6251A9009270F7 /* Thread.swift in Sources */ = {isa = PBXBuildFile; fileRef = A2E710331D6251A9009270F7 /* Thread.swift */; };
		A2E710361D6251AF009270F7 /* Message.swift in Sources */ = {isa = PBXBuildFile; fileRef = A2E710351D6251AF009270F7 /* Message.swift */; };
		A2E710391D625A6E009270F7 /* CloudKitSyncable.swift in Sources */ = {isa = PBXBuildFile; fileRef = A2E710381D625A6E009270F7 /* CloudKitSyncable.swift */; };
		A2E7103C1D627456009270F7 /* CloudKit.framework in Frameworks */ = {isa = PBXBuildFile; fileRef = A2E7103B1D627456009270F7 /* CloudKit.framework */; };
/* End PBXBuildFile section */

/* Begin PBXContainerItemProxy section */
		A2E710041D6238B9009270F7 /* PBXContainerItemProxy */ = {
			isa = PBXContainerItemProxy;
			containerPortal = A2E70FE71D6238B9009270F7 /* Project object */;
			proxyType = 1;
			remoteGlobalIDString = A2E70FEE1D6238B9009270F7;
			remoteInfo = FlandersChat;
		};
		A2E7100F1D6238B9009270F7 /* PBXContainerItemProxy */ = {
			isa = PBXContainerItemProxy;
			containerPortal = A2E70FE71D6238B9009270F7 /* Project object */;
			proxyType = 1;
			remoteGlobalIDString = A2E70FEE1D6238B9009270F7;
			remoteInfo = FlandersChat;
		};
/* End PBXContainerItemProxy section */

/* Begin PBXFileReference section */
		A24177151D64CE7A0069A2E7 /* MessageTableViewCell.swift */ = {isa = PBXFileReference; fileEncoding = 4; lastKnownFileType = sourcecode.swift; path = MessageTableViewCell.swift; sourceTree = "<group>"; };
		A2E70FEF1D6238B9009270F7 /* FlandersChat.app */ = {isa = PBXFileReference; explicitFileType = wrapper.application; includeInIndex = 0; path = FlandersChat.app; sourceTree = BUILT_PRODUCTS_DIR; };
		A2E70FF21D6238B9009270F7 /* AppDelegate.swift */ = {isa = PBXFileReference; lastKnownFileType = sourcecode.swift; path = AppDelegate.swift; sourceTree = "<group>"; };
		A2E70FF71D6238B9009270F7 /* Base */ = {isa = PBXFileReference; lastKnownFileType = file.storyboard; name = Base; path = Base.lproj/Main.storyboard; sourceTree = "<group>"; };
		A2E70FF91D6238B9009270F7 /* Assets.xcassets */ = {isa = PBXFileReference; lastKnownFileType = folder.assetcatalog; path = Assets.xcassets; sourceTree = "<group>"; };
		A2E70FFC1D6238B9009270F7 /* Base */ = {isa = PBXFileReference; lastKnownFileType = file.storyboard; name = Base; path = Base.lproj/LaunchScreen.storyboard; sourceTree = "<group>"; };
		A2E70FFE1D6238B9009270F7 /* Info.plist */ = {isa = PBXFileReference; lastKnownFileType = text.plist.xml; path = Info.plist; sourceTree = "<group>"; };
		A2E710031D6238B9009270F7 /* FlandersChatTests.xctest */ = {isa = PBXFileReference; explicitFileType = wrapper.cfbundle; includeInIndex = 0; path = FlandersChatTests.xctest; sourceTree = BUILT_PRODUCTS_DIR; };
		A2E710071D6238B9009270F7 /* FlandersChatTests.swift */ = {isa = PBXFileReference; lastKnownFileType = sourcecode.swift; path = FlandersChatTests.swift; sourceTree = "<group>"; };
		A2E710091D6238B9009270F7 /* Info.plist */ = {isa = PBXFileReference; lastKnownFileType = text.plist.xml; path = Info.plist; sourceTree = "<group>"; };
		A2E7100E1D6238B9009270F7 /* FlandersChatUITests.xctest */ = {isa = PBXFileReference; explicitFileType = wrapper.cfbundle; includeInIndex = 0; path = FlandersChatUITests.xctest; sourceTree = BUILT_PRODUCTS_DIR; };
		A2E710121D6238B9009270F7 /* FlandersChatUITests.swift */ = {isa = PBXFileReference; lastKnownFileType = sourcecode.swift; path = FlandersChatUITests.swift; sourceTree = "<group>"; };
		A2E710141D6238B9009270F7 /* Info.plist */ = {isa = PBXFileReference; lastKnownFileType = text.plist.xml; path = Info.plist; sourceTree = "<group>"; };
		A2E710201D623D87009270F7 /* ThreadDetailViewController.swift */ = {isa = PBXFileReference; fileEncoding = 4; lastKnownFileType = sourcecode.swift; path = ThreadDetailViewController.swift; sourceTree = "<group>"; };
		A2E710221D623FE4009270F7 /* ThreadListTableViewController.swift */ = {isa = PBXFileReference; fileEncoding = 4; lastKnownFileType = sourcecode.swift; path = ThreadListTableViewController.swift; sourceTree = "<group>"; };
		A2E710251D6240DD009270F7 /* ContactsTableViewController.swift */ = {isa = PBXFileReference; fileEncoding = 4; lastKnownFileType = sourcecode.swift; path = ContactsTableViewController.swift; sourceTree = "<group>"; };
		A2E710271D624126009270F7 /* CloudKitManager.swift */ = {isa = PBXFileReference; fileEncoding = 4; lastKnownFileType = sourcecode.swift; path = CloudKitManager.swift; sourceTree = "<group>"; };
		A2E7102A1D625162009270F7 /* User.swift */ = {isa = PBXFileReference; fileEncoding = 4; lastKnownFileType = sourcecode.swift; path = User.swift; sourceTree = "<group>"; };
		A2E7102C1D62516C009270F7 /* UserController.swift */ = {isa = PBXFileReference; fileEncoding = 4; lastKnownFileType = sourcecode.swift; path = UserController.swift; sourceTree = "<group>"; };
		A2E7102E1D625188009270F7 /* ThreadController.swift */ = {isa = PBXFileReference; fileEncoding = 4; lastKnownFileType = sourcecode.swift; path = ThreadController.swift; sourceTree = "<group>"; };
		A2E710301D625190009270F7 /* MessageController.swift */ = {isa = PBXFileReference; fileEncoding = 4; lastKnownFileType = sourcecode.swift; path = MessageController.swift; sourceTree = "<group>"; };
		A2E710331D6251A9009270F7 /* Thread.swift */ = {isa = PBXFileReference; fileEncoding = 4; lastKnownFileType = sourcecode.swift; path = Thread.swift; sourceTree = "<group>"; };
		A2E710351D6251AF009270F7 /* Message.swift */ = {isa = PBXFileReference; fileEncoding = 4; lastKnownFileType = sourcecode.swift; path = Message.swift; sourceTree = "<group>"; };
		A2E710381D625A6E009270F7 /* CloudKitSyncable.swift */ = {isa = PBXFileReference; fileEncoding = 4; lastKnownFileType = sourcecode.swift; path = CloudKitSyncable.swift; sourceTree = "<group>"; };
		A2E7103A1D627452009270F7 /* FlandersChat.entitlements */ = {isa = PBXFileReference; lastKnownFileType = text.xml; path = FlandersChat.entitlements; sourceTree = "<group>"; };
		A2E7103B1D627456009270F7 /* CloudKit.framework */ = {isa = PBXFileReference; lastKnownFileType = wrapper.framework; name = CloudKit.framework; path = System/Library/Frameworks/CloudKit.framework; sourceTree = SDKROOT; };
/* End PBXFileReference section */

/* Begin PBXFrameworksBuildPhase section */
		A2E70FEC1D6238B9009270F7 /* Frameworks */ = {
			isa = PBXFrameworksBuildPhase;
			buildActionMask = 2147483647;
			files = (
				A2E7103C1D627456009270F7 /* CloudKit.framework in Frameworks */,
			);
			runOnlyForDeploymentPostprocessing = 0;
		};
		A2E710001D6238B9009270F7 /* Frameworks */ = {
			isa = PBXFrameworksBuildPhase;
			buildActionMask = 2147483647;
			files = (
			);
			runOnlyForDeploymentPostprocessing = 0;
		};
		A2E7100B1D6238B9009270F7 /* Frameworks */ = {
			isa = PBXFrameworksBuildPhase;
			buildActionMask = 2147483647;
			files = (
			);
			runOnlyForDeploymentPostprocessing = 0;
		};
/* End PBXFrameworksBuildPhase section */

/* Begin PBXGroup section */
		A2E70FE61D6238B9009270F7 = {
			isa = PBXGroup;
			children = (
				A2E7103B1D627456009270F7 /* CloudKit.framework */,
				A2E70FF11D6238B9009270F7 /* FlandersChat */,
				A2E710061D6238B9009270F7 /* FlandersChatTests */,
				A2E710111D6238B9009270F7 /* FlandersChatUITests */,
				A2E70FF01D6238B9009270F7 /* Products */,
			);
			sourceTree = "<group>";
		};
		A2E70FF01D6238B9009270F7 /* Products */ = {
			isa = PBXGroup;
			children = (
				A2E70FEF1D6238B9009270F7 /* FlandersChat.app */,
				A2E710031D6238B9009270F7 /* FlandersChatTests.xctest */,
				A2E7100E1D6238B9009270F7 /* FlandersChatUITests.xctest */,
			);
			name = Products;
			sourceTree = "<group>";
		};
		A2E70FF11D6238B9009270F7 /* FlandersChat */ = {
			isa = PBXGroup;
			children = (
				A2E7103A1D627452009270F7 /* FlandersChat.entitlements */,
				A2E70FF21D6238B9009270F7 /* AppDelegate.swift */,
				A2E70FF61D6238B9009270F7 /* Main.storyboard */,
				A2E710371D6251B6009270F7 /* Models */,
				A2E710321D62519B009270F7 /* Model Controllers */,
				A2E710241D62401F009270F7 /* View Controllers */,
				A2E710291D624150009270F7 /* Utilities */,
				A2E70FF91D6238B9009270F7 /* Assets.xcassets */,
				A2E70FFB1D6238B9009270F7 /* LaunchScreen.storyboard */,
				A2E70FFE1D6238B9009270F7 /* Info.plist */,
			);
			path = FlandersChat;
			sourceTree = "<group>";
		};
		A2E710061D6238B9009270F7 /* FlandersChatTests */ = {
			isa = PBXGroup;
			children = (
				A2E710071D6238B9009270F7 /* FlandersChatTests.swift */,
				A2E710091D6238B9009270F7 /* Info.plist */,
			);
			path = FlandersChatTests;
			sourceTree = "<group>";
		};
		A2E710111D6238B9009270F7 /* FlandersChatUITests */ = {
			isa = PBXGroup;
			children = (
				A2E710121D6238B9009270F7 /* FlandersChatUITests.swift */,
				A2E710141D6238B9009270F7 /* Info.plist */,
			);
			path = FlandersChatUITests;
			sourceTree = "<group>";
		};
		A2E710241D62401F009270F7 /* View Controllers */ = {
			isa = PBXGroup;
			children = (
				A2E710221D623FE4009270F7 /* ThreadListTableViewController.swift */,
				A2E710201D623D87009270F7 /* ThreadDetailViewController.swift */,
				A2E710251D6240DD009270F7 /* ContactsTableViewController.swift */,
				A24177151D64CE7A0069A2E7 /* MessageTableViewCell.swift */,
			);
			name = "View Controllers";
			sourceTree = "<group>";
		};
		A2E710291D624150009270F7 /* Utilities */ = {
			isa = PBXGroup;
			children = (
				A2E710271D624126009270F7 /* CloudKitManager.swift */,
				A2E710381D625A6E009270F7 /* CloudKitSyncable.swift */,
			);
			name = Utilities;
			sourceTree = "<group>";
		};
		A2E710321D62519B009270F7 /* Model Controllers */ = {
			isa = PBXGroup;
			children = (
				A2E7102C1D62516C009270F7 /* UserController.swift */,
				A2E7102E1D625188009270F7 /* ThreadController.swift */,
				A2E710301D625190009270F7 /* MessageController.swift */,
			);
			name = "Model Controllers";
			sourceTree = "<group>";
		};
		A2E710371D6251B6009270F7 /* Models */ = {
			isa = PBXGroup;
			children = (
				A2E7102A1D625162009270F7 /* User.swift */,
				A2E710331D6251A9009270F7 /* Thread.swift */,
				A2E710351D6251AF009270F7 /* Message.swift */,
			);
			name = Models;
			sourceTree = "<group>";
		};
/* End PBXGroup section */

/* Begin PBXNativeTarget section */
		A2E70FEE1D6238B9009270F7 /* FlandersChat */ = {
			isa = PBXNativeTarget;
			buildConfigurationList = A2E710171D6238B9009270F7 /* Build configuration list for PBXNativeTarget "FlandersChat" */;
			buildPhases = (
				A2E70FEB1D6238B9009270F7 /* Sources */,
				A2E70FEC1D6238B9009270F7 /* Frameworks */,
				A2E70FED1D6238B9009270F7 /* Resources */,
			);
			buildRules = (
			);
			dependencies = (
			);
			name = FlandersChat;
			productName = FlandersChat;
			productReference = A2E70FEF1D6238B9009270F7 /* FlandersChat.app */;
			productType = "com.apple.product-type.application";
		};
		A2E710021D6238B9009270F7 /* FlandersChatTests */ = {
			isa = PBXNativeTarget;
			buildConfigurationList = A2E7101A1D6238B9009270F7 /* Build configuration list for PBXNativeTarget "FlandersChatTests" */;
			buildPhases = (
				A2E70FFF1D6238B9009270F7 /* Sources */,
				A2E710001D6238B9009270F7 /* Frameworks */,
				A2E710011D6238B9009270F7 /* Resources */,
			);
			buildRules = (
			);
			dependencies = (
				A2E710051D6238B9009270F7 /* PBXTargetDependency */,
			);
			name = FlandersChatTests;
			productName = FlandersChatTests;
			productReference = A2E710031D6238B9009270F7 /* FlandersChatTests.xctest */;
			productType = "com.apple.product-type.bundle.unit-test";
		};
		A2E7100D1D6238B9009270F7 /* FlandersChatUITests */ = {
			isa = PBXNativeTarget;
			buildConfigurationList = A2E7101D1D6238B9009270F7 /* Build configuration list for PBXNativeTarget "FlandersChatUITests" */;
			buildPhases = (
				A2E7100A1D6238B9009270F7 /* Sources */,
				A2E7100B1D6238B9009270F7 /* Frameworks */,
				A2E7100C1D6238B9009270F7 /* Resources */,
			);
			buildRules = (
			);
			dependencies = (
				A2E710101D6238B9009270F7 /* PBXTargetDependency */,
			);
			name = FlandersChatUITests;
			productName = FlandersChatUITests;
			productReference = A2E7100E1D6238B9009270F7 /* FlandersChatUITests.xctest */;
			productType = "com.apple.product-type.bundle.ui-testing";
		};
/* End PBXNativeTarget section */

/* Begin PBXProject section */
		A2E70FE71D6238B9009270F7 /* Project object */ = {
			isa = PBXProject;
			attributes = {
				LastSwiftUpdateCheck = 0730;
				LastUpgradeCheck = 0730;
				ORGANIZATIONNAME = "Brad Forsyth";
				TargetAttributes = {
					A2E70FEE1D6238B9009270F7 = {
						CreatedOnToolsVersion = 7.3.1;
						DevelopmentTeam = XV5S682VFJ;
						SystemCapabilities = {
							com.apple.iCloud = {
								enabled = 1;
							};
						};
					};
					A2E710021D6238B9009270F7 = {
						CreatedOnToolsVersion = 7.3.1;
						TestTargetID = A2E70FEE1D6238B9009270F7;
					};
					A2E7100D1D6238B9009270F7 = {
						CreatedOnToolsVersion = 7.3.1;
						TestTargetID = A2E70FEE1D6238B9009270F7;
					};
				};
			};
			buildConfigurationList = A2E70FEA1D6238B9009270F7 /* Build configuration list for PBXProject "FlandersChat" */;
			compatibilityVersion = "Xcode 3.2";
			developmentRegion = English;
			hasScannedForEncodings = 0;
			knownRegions = (
				en,
				Base,
			);
			mainGroup = A2E70FE61D6238B9009270F7;
			productRefGroup = A2E70FF01D6238B9009270F7 /* Products */;
			projectDirPath = "";
			projectRoot = "";
			targets = (
				A2E70FEE1D6238B9009270F7 /* FlandersChat */,
				A2E710021D6238B9009270F7 /* FlandersChatTests */,
				A2E7100D1D6238B9009270F7 /* FlandersChatUITests */,
			);
		};
/* End PBXProject section */

/* Begin PBXResourcesBuildPhase section */
		A2E70FED1D6238B9009270F7 /* Resources */ = {
			isa = PBXResourcesBuildPhase;
			buildActionMask = 2147483647;
			files = (
				A2E70FFD1D6238B9009270F7 /* LaunchScreen.storyboard in Resources */,
				A2E70FFA1D6238B9009270F7 /* Assets.xcassets in Resources */,
				A2E70FF81D6238B9009270F7 /* Main.storyboard in Resources */,
			);
			runOnlyForDeploymentPostprocessing = 0;
		};
		A2E710011D6238B9009270F7 /* Resources */ = {
			isa = PBXResourcesBuildPhase;
			buildActionMask = 2147483647;
			files = (
			);
			runOnlyForDeploymentPostprocessing = 0;
		};
		A2E7100C1D6238B9009270F7 /* Resources */ = {
			isa = PBXResourcesBuildPhase;
			buildActionMask = 2147483647;
			files = (
			);
			runOnlyForDeploymentPostprocessing = 0;
		};
/* End PBXResourcesBuildPhase section */

/* Begin PBXSourcesBuildPhase section */
		A2E70FEB1D6238B9009270F7 /* Sources */ = {
			isa = PBXSourcesBuildPhase;
			buildActionMask = 2147483647;
			files = (
				A2E710231D623FE4009270F7 /* ThreadListTableViewController.swift in Sources */,
				A2E710391D625A6E009270F7 /* CloudKitSyncable.swift in Sources */,
				A2E710341D6251A9009270F7 /* Thread.swift in Sources */,
				A2E710311D625190009270F7 /* MessageController.swift in Sources */,
				A2E710211D623D87009270F7 /* ThreadDetailViewController.swift in Sources */,
				A2E7102B1D625162009270F7 /* User.swift in Sources */,
				A2E710261D6240DD009270F7 /* ContactsTableViewController.swift in Sources */,
				A24177161D64CE7A0069A2E7 /* MessageTableViewCell.swift in Sources */,
				A2E710361D6251AF009270F7 /* Message.swift in Sources */,
				A2E7102D1D62516C009270F7 /* UserController.swift in Sources */,
				A2E7102F1D625188009270F7 /* ThreadController.swift in Sources */,
				A2E70FF31D6238B9009270F7 /* AppDelegate.swift in Sources */,
				A2E710281D624126009270F7 /* CloudKitManager.swift in Sources */,
			);
			runOnlyForDeploymentPostprocessing = 0;
		};
		A2E70FFF1D6238B9009270F7 /* Sources */ = {
			isa = PBXSourcesBuildPhase;
			buildActionMask = 2147483647;
			files = (
				A2E710081D6238B9009270F7 /* FlandersChatTests.swift in Sources */,
			);
			runOnlyForDeploymentPostprocessing = 0;
		};
		A2E7100A1D6238B9009270F7 /* Sources */ = {
			isa = PBXSourcesBuildPhase;
			buildActionMask = 2147483647;
			files = (
				A2E710131D6238B9009270F7 /* FlandersChatUITests.swift in Sources */,
			);
			runOnlyForDeploymentPostprocessing = 0;
		};
/* End PBXSourcesBuildPhase section */

/* Begin PBXTargetDependency section */
		A2E710051D6238B9009270F7 /* PBXTargetDependency */ = {
			isa = PBXTargetDependency;
			target = A2E70FEE1D6238B9009270F7 /* FlandersChat */;
			targetProxy = A2E710041D6238B9009270F7 /* PBXContainerItemProxy */;
		};
		A2E710101D6238B9009270F7 /* PBXTargetDependency */ = {
			isa = PBXTargetDependency;
			target = A2E70FEE1D6238B9009270F7 /* FlandersChat */;
			targetProxy = A2E7100F1D6238B9009270F7 /* PBXContainerItemProxy */;
		};
/* End PBXTargetDependency section */

/* Begin PBXVariantGroup section */
		A2E70FF61D6238B9009270F7 /* Main.storyboard */ = {
			isa = PBXVariantGroup;
			children = (
				A2E70FF71D6238B9009270F7 /* Base */,
			);
			name = Main.storyboard;
			sourceTree = "<group>";
		};
		A2E70FFB1D6238B9009270F7 /* LaunchScreen.storyboard */ = {
			isa = PBXVariantGroup;
			children = (
				A2E70FFC1D6238B9009270F7 /* Base */,
			);
			name = LaunchScreen.storyboard;
			sourceTree = "<group>";
		};
/* End PBXVariantGroup section */

/* Begin XCBuildConfiguration section */
		A2E710151D6238B9009270F7 /* Debug */ = {
			isa = XCBuildConfiguration;
			buildSettings = {
				ALWAYS_SEARCH_USER_PATHS = NO;
				CLANG_ANALYZER_NONNULL = YES;
				CLANG_CXX_LANGUAGE_STANDARD = "gnu++0x";
				CLANG_CXX_LIBRARY = "libc++";
				CLANG_ENABLE_MODULES = YES;
				CLANG_ENABLE_OBJC_ARC = YES;
				CLANG_WARN_BOOL_CONVERSION = YES;
				CLANG_WARN_CONSTANT_CONVERSION = YES;
				CLANG_WARN_DIRECT_OBJC_ISA_USAGE = YES_ERROR;
				CLANG_WARN_EMPTY_BODY = YES;
				CLANG_WARN_ENUM_CONVERSION = YES;
				CLANG_WARN_INT_CONVERSION = YES;
				CLANG_WARN_OBJC_ROOT_CLASS = YES_ERROR;
				CLANG_WARN_UNREACHABLE_CODE = YES;
				CLANG_WARN__DUPLICATE_METHOD_MATCH = YES;
				"CODE_SIGN_IDENTITY[sdk=iphoneos*]" = "iPhone Developer";
				COPY_PHASE_STRIP = NO;
				DEBUG_INFORMATION_FORMAT = dwarf;
				ENABLE_STRICT_OBJC_MSGSEND = YES;
				ENABLE_TESTABILITY = YES;
				GCC_C_LANGUAGE_STANDARD = gnu99;
				GCC_DYNAMIC_NO_PIC = NO;
				GCC_NO_COMMON_BLOCKS = YES;
				GCC_OPTIMIZATION_LEVEL = 0;
				GCC_PREPROCESSOR_DEFINITIONS = (
					"DEBUG=1",
					"$(inherited)",
				);
				GCC_WARN_64_TO_32_BIT_CONVERSION = YES;
				GCC_WARN_ABOUT_RETURN_TYPE = YES_ERROR;
				GCC_WARN_UNDECLARED_SELECTOR = YES;
				GCC_WARN_UNINITIALIZED_AUTOS = YES_AGGRESSIVE;
				GCC_WARN_UNUSED_FUNCTION = YES;
				GCC_WARN_UNUSED_VARIABLE = YES;
				IPHONEOS_DEPLOYMENT_TARGET = 9.3;
				MTL_ENABLE_DEBUG_INFO = YES;
				ONLY_ACTIVE_ARCH = YES;
				SDKROOT = iphoneos;
				SWIFT_OPTIMIZATION_LEVEL = "-Onone";
				TARGETED_DEVICE_FAMILY = "1,2";
			};
			name = Debug;
		};
		A2E710161D6238B9009270F7 /* Release */ = {
			isa = XCBuildConfiguration;
			buildSettings = {
				ALWAYS_SEARCH_USER_PATHS = NO;
				CLANG_ANALYZER_NONNULL = YES;
				CLANG_CXX_LANGUAGE_STANDARD = "gnu++0x";
				CLANG_CXX_LIBRARY = "libc++";
				CLANG_ENABLE_MODULES = YES;
				CLANG_ENABLE_OBJC_ARC = YES;
				CLANG_WARN_BOOL_CONVERSION = YES;
				CLANG_WARN_CONSTANT_CONVERSION = YES;
				CLANG_WARN_DIRECT_OBJC_ISA_USAGE = YES_ERROR;
				CLANG_WARN_EMPTY_BODY = YES;
				CLANG_WARN_ENUM_CONVERSION = YES;
				CLANG_WARN_INT_CONVERSION = YES;
				CLANG_WARN_OBJC_ROOT_CLASS = YES_ERROR;
				CLANG_WARN_UNREACHABLE_CODE = YES;
				CLANG_WARN__DUPLICATE_METHOD_MATCH = YES;
				"CODE_SIGN_IDENTITY[sdk=iphoneos*]" = "iPhone Developer";
				COPY_PHASE_STRIP = NO;
				DEBUG_INFORMATION_FORMAT = "dwarf-with-dsym";
				ENABLE_NS_ASSERTIONS = NO;
				ENABLE_STRICT_OBJC_MSGSEND = YES;
				GCC_C_LANGUAGE_STANDARD = gnu99;
				GCC_NO_COMMON_BLOCKS = YES;
				GCC_WARN_64_TO_32_BIT_CONVERSION = YES;
				GCC_WARN_ABOUT_RETURN_TYPE = YES_ERROR;
				GCC_WARN_UNDECLARED_SELECTOR = YES;
				GCC_WARN_UNINITIALIZED_AUTOS = YES_AGGRESSIVE;
				GCC_WARN_UNUSED_FUNCTION = YES;
				GCC_WARN_UNUSED_VARIABLE = YES;
				IPHONEOS_DEPLOYMENT_TARGET = 9.3;
				MTL_ENABLE_DEBUG_INFO = NO;
				SDKROOT = iphoneos;
				TARGETED_DEVICE_FAMILY = "1,2";
				VALIDATE_PRODUCT = YES;
			};
			name = Release;
		};
		A2E710181D6238B9009270F7 /* Debug */ = {
			isa = XCBuildConfiguration;
			buildSettings = {
				ASSETCATALOG_COMPILER_APPICON_NAME = AppIcon;
				CODE_SIGN_ENTITLEMENTS = FlandersChat/FlandersChat.entitlements;
				INFOPLIST_FILE = FlandersChat/Info.plist;
				LD_RUNPATH_SEARCH_PATHS = "$(inherited) @executable_path/Frameworks";
				PRODUCT_BUNDLE_IDENTIFIER = com.4syth.FlandersChat;
				PRODUCT_NAME = "$(TARGET_NAME)";
			};
			name = Debug;
		};
		A2E710191D6238B9009270F7 /* Release */ = {
			isa = XCBuildConfiguration;
			buildSettings = {
				ASSETCATALOG_COMPILER_APPICON_NAME = AppIcon;
				CODE_SIGN_ENTITLEMENTS = FlandersChat/FlandersChat.entitlements;
				INFOPLIST_FILE = FlandersChat/Info.plist;
				LD_RUNPATH_SEARCH_PATHS = "$(inherited) @executable_path/Frameworks";
				PRODUCT_BUNDLE_IDENTIFIER = com.4syth.FlandersChat;
				PRODUCT_NAME = "$(TARGET_NAME)";
			};
			name = Release;
		};
		A2E7101B1D6238B9009270F7 /* Debug */ = {
			isa = XCBuildConfiguration;
			buildSettings = {
				BUNDLE_LOADER = "$(TEST_HOST)";
				INFOPLIST_FILE = FlandersChatTests/Info.plist;
				LD_RUNPATH_SEARCH_PATHS = "$(inherited) @executable_path/Frameworks @loader_path/Frameworks";
				PRODUCT_BUNDLE_IDENTIFIER = com.4syth.FlandersChatTests;
				PRODUCT_NAME = "$(TARGET_NAME)";
				TEST_HOST = "$(BUILT_PRODUCTS_DIR)/FlandersChat.app/FlandersChat";
			};
			name = Debug;
		};
		A2E7101C1D6238B9009270F7 /* Release */ = {
			isa = XCBuildConfiguration;
			buildSettings = {
				BUNDLE_LOADER = "$(TEST_HOST)";
				INFOPLIST_FILE = FlandersChatTests/Info.plist;
				LD_RUNPATH_SEARCH_PATHS = "$(inherited) @executable_path/Frameworks @loader_path/Frameworks";
				PRODUCT_BUNDLE_IDENTIFIER = com.4syth.FlandersChatTests;
				PRODUCT_NAME = "$(TARGET_NAME)";
				TEST_HOST = "$(BUILT_PRODUCTS_DIR)/FlandersChat.app/FlandersChat";
			};
			name = Release;
		};
		A2E7101E1D6238B9009270F7 /* Debug */ = {
			isa = XCBuildConfiguration;
			buildSettings = {
				INFOPLIST_FILE = FlandersChatUITests/Info.plist;
				LD_RUNPATH_SEARCH_PATHS = "$(inherited) @executable_path/Frameworks @loader_path/Frameworks";
				PRODUCT_BUNDLE_IDENTIFIER = com.4syth.FlandersChatUITests;
				PRODUCT_NAME = "$(TARGET_NAME)";
				TEST_TARGET_NAME = FlandersChat;
			};
			name = Debug;
		};
		A2E7101F1D6238B9009270F7 /* Release */ = {
			isa = XCBuildConfiguration;
			buildSettings = {
				INFOPLIST_FILE = FlandersChatUITests/Info.plist;
				LD_RUNPATH_SEARCH_PATHS = "$(inherited) @executable_path/Frameworks @loader_path/Frameworks";
				PRODUCT_BUNDLE_IDENTIFIER = com.4syth.FlandersChatUITests;
				PRODUCT_NAME = "$(TARGET_NAME)";
				TEST_TARGET_NAME = FlandersChat;
			};
			name = Release;
		};
/* End XCBuildConfiguration section */

/* Begin XCConfigurationList section */
		A2E70FEA1D6238B9009270F7 /* Build configuration list for PBXProject "FlandersChat" */ = {
			isa = XCConfigurationList;
			buildConfigurations = (
				A2E710151D6238B9009270F7 /* Debug */,
				A2E710161D6238B9009270F7 /* Release */,
			);
			defaultConfigurationIsVisible = 0;
			defaultConfigurationName = Release;
		};
		A2E710171D6238B9009270F7 /* Build configuration list for PBXNativeTarget "FlandersChat" */ = {
			isa = XCConfigurationList;
			buildConfigurations = (
				A2E710181D6238B9009270F7 /* Debug */,
				A2E710191D6238B9009270F7 /* Release */,
			);
			defaultConfigurationIsVisible = 0;
			defaultConfigurationName = Release;
		};
		A2E7101A1D6238B9009270F7 /* Build configuration list for PBXNativeTarget "FlandersChatTests" */ = {
			isa = XCConfigurationList;
			buildConfigurations = (
				A2E7101B1D6238B9009270F7 /* Debug */,
				A2E7101C1D6238B9009270F7 /* Release */,
			);
			defaultConfigurationIsVisible = 0;
			defaultConfigurationName = Release;
		};
		A2E7101D1D6238B9009270F7 /* Build configuration list for PBXNativeTarget "FlandersChatUITests" */ = {
			isa = XCConfigurationList;
			buildConfigurations = (
				A2E7101E1D6238B9009270F7 /* Debug */,
				A2E7101F1D6238B9009270F7 /* Release */,
			);
			defaultConfigurationIsVisible = 0;
			defaultConfigurationName = Release;
		};
/* End XCConfigurationList section */
	};
	rootObject = A2E70FE71D6238B9009270F7 /* Project object */;
}
